// !$*UTF8*$!
{
	archiveVersion = 1;
	classes = {
	};
	objectVersion = 48;
	objects = {

/* Begin PBXBuildFile section */
		2225D993207C48F60001B83C /* CAISDSExceptionLog.m in Sources */ = {isa = PBXBuildFile; fileRef = 2225D98F207C48F60001B83C /* CAISDSExceptionLog.m */; };
		2225D994207C48F60001B83C /* CAISDSPlanLog.m in Sources */ = {isa = PBXBuildFile; fileRef = 2225D990207C48F60001B83C /* CAISDSPlanLog.m */; };
		2225D995207C48F60001B83C /* CAISDSErrorLog.m in Sources */ = {isa = PBXBuildFile; fileRef = 2225D992207C48F60001B83C /* CAISDSErrorLog.m */; };
		22D450DD2074A2850052520D /* CAISDSNet.m in Sources */ = {isa = PBXBuildFile; fileRef = 22D450B22074A2850052520D /* CAISDSNet.m */; };
		22D450DE2074A2850052520D /* CAISDSUtils.m in Sources */ = {isa = PBXBuildFile; fileRef = 22D450B42074A2850052520D /* CAISDSUtils.m */; };
		22D450DF2074A2850052520D /* CAISDS.m in Sources */ = {isa = PBXBuildFile; fileRef = 22D450B52074A2850052520D /* CAISDS.m */; };
		22D450E02074A2850052520D /* CAISDSLocalStore.m in Sources */ = {isa = PBXBuildFile; fileRef = 22D450B72074A2850052520D /* CAISDSLocalStore.m */; };
		22D450E12074A2850052520D /* CAISDSRecord.m in Sources */ = {isa = PBXBuildFile; fileRef = 22D450BE2074A2850052520D /* CAISDSRecord.m */; };
		22D450E22074A2850052520D /* CAISDSReport.m in Sources */ = {isa = PBXBuildFile; fileRef = 22D450C12074A2850052520D /* CAISDSReport.m */; };
		22D450E32074A2850052520D /* CAISDSKeyPoint.m in Sources */ = {isa = PBXBuildFile; fileRef = 22D450C32074A2850052520D /* CAISDSKeyPoint.m */; };
		22D450E42074A2850052520D /* CAISDSLog.m in Sources */ = {isa = PBXBuildFile; fileRef = 22D450C42074A2850052520D /* CAISDSLog.m */; };
		22D450E52074A2850052520D /* CAISDSPlan.m in Sources */ = {isa = PBXBuildFile; fileRef = 22D450C52074A2850052520D /* CAISDSPlan.m */; };
		22D450E62074A2850052520D /* CAISDSStatistic.m in Sources */ = {isa = PBXBuildFile; fileRef = 22D450C82074A2850052520D /* CAISDSStatistic.m */; };
		22D450E72074A2850052520D /* CAISDSOpenUDID.m in Sources */ = {isa = PBXBuildFile; fileRef = 22D450CD2074A2850052520D /* CAISDSOpenUDID.m */; };
		22D450E82074A2850052520D /* CAISDSFMResultSet.m in Sources */ = {isa = PBXBuildFile; fileRef = 22D450D32074A2850052520D /* CAISDSFMResultSet.m */; };
		22D450E92074A2850052520D /* CAISDSFMDatabase.m in Sources */ = {isa = PBXBuildFile; fileRef = 22D450D42074A2850052520D /* CAISDSFMDatabase.m */; };
		22D450EA2074A2850052520D /* CAISDSFMDatabasePool.m in Sources */ = {isa = PBXBuildFile; fileRef = 22D450D52074A2850052520D /* CAISDSFMDatabasePool.m */; };
		22D450EB2074A2850052520D /* CAISDSFMDatabaseQueue.m in Sources */ = {isa = PBXBuildFile; fileRef = 22D450D62074A2850052520D /* CAISDSFMDatabaseQueue.m */; };
		22D450EC2074A2850052520D /* CAISDSAspects.m in Sources */ = {isa = PBXBuildFile; fileRef = 22D450DB2074A2850052520D /* CAISDSAspects.m */; };
/* End PBXBuildFile section */

/* Begin PBXCopyFilesBuildPhase section */
		337493AB206C781000DED4F2 /* CopyFiles */ = {
			isa = PBXCopyFilesBuildPhase;
			buildActionMask = 2147483647;
			dstPath = "include/$(PRODUCT_NAME)";
			dstSubfolderSpec = 16;
			files = (
			);
			runOnlyForDeploymentPostprocessing = 0;
		};
/* End PBXCopyFilesBuildPhase section */

/* Begin PBXFileReference section */
		2225D98D207C48F50001B83C /* CAISDSPlanLog.h */ = {isa = PBXFileReference; fileEncoding = 4; lastKnownFileType = sourcecode.c.h; path = CAISDSPlanLog.h; sourceTree = "<group>"; };
		2225D98E207C48F60001B83C /* CAISDSExceptionLog.h */ = {isa = PBXFileReference; fileEncoding = 4; lastKnownFileType = sourcecode.c.h; path = CAISDSExceptionLog.h; sourceTree = "<group>"; };
		2225D98F207C48F60001B83C /* CAISDSExceptionLog.m */ = {isa = PBXFileReference; fileEncoding = 4; lastKnownFileType = sourcecode.c.objc; path = CAISDSExceptionLog.m; sourceTree = "<group>"; };
		2225D990207C48F60001B83C /* CAISDSPlanLog.m */ = {isa = PBXFileReference; fileEncoding = 4; lastKnownFileType = sourcecode.c.objc; path = CAISDSPlanLog.m; sourceTree = "<group>"; };
		2225D991207C48F60001B83C /* CAISDSErrorLog.h */ = {isa = PBXFileReference; fileEncoding = 4; lastKnownFileType = sourcecode.c.h; path = CAISDSErrorLog.h; sourceTree = "<group>"; };
		2225D992207C48F60001B83C /* CAISDSErrorLog.m */ = {isa = PBXFileReference; fileEncoding = 4; lastKnownFileType = sourcecode.c.objc; path = CAISDSErrorLog.m; sourceTree = "<group>"; };
		22D450B22074A2850052520D /* CAISDSNet.m */ = {isa = PBXFileReference; fileEncoding = 4; lastKnownFileType = sourcecode.c.objc; path = CAISDSNet.m; sourceTree = "<group>"; };
		22D450B32074A2850052520D /* CAISDSNet.h */ = {isa = PBXFileReference; fileEncoding = 4; lastKnownFileType = sourcecode.c.h; path = CAISDSNet.h; sourceTree = "<group>"; };
		22D450B42074A2850052520D /* CAISDSUtils.m */ = {isa = PBXFileReference; fileEncoding = 4; lastKnownFileType = sourcecode.c.objc; path = CAISDSUtils.m; sourceTree = "<group>"; };
		22D450B52074A2850052520D /* CAISDS.m */ = {isa = PBXFileReference; fileEncoding = 4; lastKnownFileType = sourcecode.c.objc; path = CAISDS.m; sourceTree = "<group>"; };
		22D450B72074A2850052520D /* CAISDSLocalStore.m */ = {isa = PBXFileReference; fileEncoding = 4; lastKnownFileType = sourcecode.c.objc; path = CAISDSLocalStore.m; sourceTree = "<group>"; };
		22D450B82074A2850052520D /* CAISDSLocalStore.h */ = {isa = PBXFileReference; fileEncoding = 4; lastKnownFileType = sourcecode.c.h; path = CAISDSLocalStore.h; sourceTree = "<group>"; };
		22D450B92074A2850052520D /* CAISDS.h */ = {isa = PBXFileReference; fileEncoding = 4; lastKnownFileType = sourcecode.c.h; path = CAISDS.h; sourceTree = "<group>"; };
		22D450BA2074A2850052520D /* CAISDSUtils.h */ = {isa = PBXFileReference; fileEncoding = 4; lastKnownFileType = sourcecode.c.h; path = CAISDSUtils.h; sourceTree = "<group>"; };
		22D450BC2074A2850052520D /* CAISDSReport.h */ = {isa = PBXFileReference; fileEncoding = 4; lastKnownFileType = sourcecode.c.h; path = CAISDSReport.h; sourceTree = "<group>"; };
		22D450BD2074A2850052520D /* CAISDSKeyPoint.h */ = {isa = PBXFileReference; fileEncoding = 4; lastKnownFileType = sourcecode.c.h; path = CAISDSKeyPoint.h; sourceTree = "<group>"; };
		22D450BE2074A2850052520D /* CAISDSRecord.m */ = {isa = PBXFileReference; fileEncoding = 4; lastKnownFileType = sourcecode.c.objc; path = CAISDSRecord.m; sourceTree = "<group>"; };
		22D450BF2074A2850052520D /* CAISDSPlan.h */ = {isa = PBXFileReference; fileEncoding = 4; lastKnownFileType = sourcecode.c.h; path = CAISDSPlan.h; sourceTree = "<group>"; };
		22D450C02074A2850052520D /* CAISDSLog.h */ = {isa = PBXFileReference; fileEncoding = 4; lastKnownFileType = sourcecode.c.h; path = CAISDSLog.h; sourceTree = "<group>"; };
		22D450C12074A2850052520D /* CAISDSReport.m */ = {isa = PBXFileReference; fileEncoding = 4; lastKnownFileType = sourcecode.c.objc; path = CAISDSReport.m; sourceTree = "<group>"; };
		22D450C22074A2850052520D /* CAISDSType.h */ = {isa = PBXFileReference; fileEncoding = 4; lastKnownFileType = sourcecode.c.h; path = CAISDSType.h; sourceTree = "<group>"; };
		22D450C32074A2850052520D /* CAISDSKeyPoint.m */ = {isa = PBXFileReference; fileEncoding = 4; lastKnownFileType = sourcecode.c.objc; path = CAISDSKeyPoint.m; sourceTree = "<group>"; };
		22D450C42074A2850052520D /* CAISDSLog.m */ = {isa = PBXFileReference; fileEncoding = 4; lastKnownFileType = sourcecode.c.objc; path = CAISDSLog.m; sourceTree = "<group>"; };
		22D450C52074A2850052520D /* CAISDSPlan.m */ = {isa = PBXFileReference; fileEncoding = 4; lastKnownFileType = sourcecode.c.objc; path = CAISDSPlan.m; sourceTree = "<group>"; };
		22D450C62074A2850052520D /* CAISDSRecord.h */ = {isa = PBXFileReference; fileEncoding = 4; lastKnownFileType = sourcecode.c.h; path = CAISDSRecord.h; sourceTree = "<group>"; };
		22D450C82074A2850052520D /* CAISDSStatistic.m */ = {isa = PBXFileReference; fileEncoding = 4; lastKnownFileType = sourcecode.c.objc; path = CAISDSStatistic.m; sourceTree = "<group>"; };
		22D450C92074A2850052520D /* CAISDSStatisticDelegate.h */ = {isa = PBXFileReference; fileEncoding = 4; lastKnownFileType = sourcecode.c.h; path = CAISDSStatisticDelegate.h; sourceTree = "<group>"; };
		22D450CA2074A2850052520D /* CAISDSStatistic.h */ = {isa = PBXFileReference; fileEncoding = 4; lastKnownFileType = sourcecode.c.h; path = CAISDSStatistic.h; sourceTree = "<group>"; };
		22D450CD2074A2850052520D /* CAISDSOpenUDID.m */ = {isa = PBXFileReference; fileEncoding = 4; lastKnownFileType = sourcecode.c.objc; path = CAISDSOpenUDID.m; sourceTree = "<group>"; };
		22D450CE2074A2850052520D /* CAISDSOpenUDID.h */ = {isa = PBXFileReference; fileEncoding = 4; lastKnownFileType = sourcecode.c.h; path = CAISDSOpenUDID.h; sourceTree = "<group>"; };
		22D450D12074A2850052520D /* CAISDSFMDatabaseQueue.h */ = {isa = PBXFileReference; fileEncoding = 4; lastKnownFileType = sourcecode.c.h; path = CAISDSFMDatabaseQueue.h; sourceTree = "<group>"; };
		22D450D22074A2850052520D /* CAISDSFMDB.h */ = {isa = PBXFileReference; fileEncoding = 4; lastKnownFileType = sourcecode.c.h; path = CAISDSFMDB.h; sourceTree = "<group>"; };
		22D450D32074A2850052520D /* CAISDSFMResultSet.m */ = {isa = PBXFileReference; fileEncoding = 4; lastKnownFileType = sourcecode.c.objc; path = CAISDSFMResultSet.m; sourceTree = "<group>"; };
		22D450D42074A2850052520D /* CAISDSFMDatabase.m */ = {isa = PBXFileReference; fileEncoding = 4; lastKnownFileType = sourcecode.c.objc; path = CAISDSFMDatabase.m; sourceTree = "<group>"; };
		22D450D52074A2850052520D /* CAISDSFMDatabasePool.m */ = {isa = PBXFileReference; fileEncoding = 4; lastKnownFileType = sourcecode.c.objc; path = CAISDSFMDatabasePool.m; sourceTree = "<group>"; };
		22D450D62074A2850052520D /* CAISDSFMDatabaseQueue.m */ = {isa = PBXFileReference; fileEncoding = 4; lastKnownFileType = sourcecode.c.objc; path = CAISDSFMDatabaseQueue.m; sourceTree = "<group>"; };
		22D450D72074A2850052520D /* CAISDSFMDatabase.h */ = {isa = PBXFileReference; fileEncoding = 4; lastKnownFileType = sourcecode.c.h; path = CAISDSFMDatabase.h; sourceTree = "<group>"; };
		22D450D82074A2850052520D /* CAISDSFMResultSet.h */ = {isa = PBXFileReference; fileEncoding = 4; lastKnownFileType = sourcecode.c.h; path = CAISDSFMResultSet.h; sourceTree = "<group>"; };
		22D450D92074A2850052520D /* CAISDSFMDatabasePool.h */ = {isa = PBXFileReference; fileEncoding = 4; lastKnownFileType = sourcecode.c.h; path = CAISDSFMDatabasePool.h; sourceTree = "<group>"; };
		22D450DB2074A2850052520D /* CAISDSAspects.m */ = {isa = PBXFileReference; fileEncoding = 4; lastKnownFileType = sourcecode.c.objc; path = CAISDSAspects.m; sourceTree = "<group>"; };
		22D450DC2074A2850052520D /* CAISDSAspects.h */ = {isa = PBXFileReference; fileEncoding = 4; lastKnownFileType = sourcecode.c.h; path = CAISDSAspects.h; sourceTree = "<group>"; };
		337493AD206C781000DED4F2 /* libSDSLib.a */ = {isa = PBXFileReference; explicitFileType = archive.ar; includeInIndex = 0; path = libSDSLib.a; sourceTree = BUILT_PRODUCTS_DIR; };
/* End PBXFileReference section */

/* Begin PBXFrameworksBuildPhase section */
		337493AA206C781000DED4F2 /* Frameworks */ = {
			isa = PBXFrameworksBuildPhase;
			buildActionMask = 2147483647;
			files = (
			);
			runOnlyForDeploymentPostprocessing = 0;
		};
/* End PBXFrameworksBuildPhase section */

/* Begin PBXGroup section */
		22D450B02074A2850052520D /* class */ = {
			isa = PBXGroup;
			children = (
				22D450B12074A2850052520D /* net */,
				22D450B42074A2850052520D /* CAISDSUtils.m */,
				22D450B52074A2850052520D /* CAISDS.m */,
				22D450B62074A2850052520D /* local */,
				22D450B92074A2850052520D /* CAISDS.h */,
				22D450BA2074A2850052520D /* CAISDSUtils.h */,
				22D450BB2074A2850052520D /* model */,
				22D450C72074A2850052520D /* stattistic */,
			);
			name = class;
			path = ../../ScriptDrivenStatistics/class;
			sourceTree = "<group>";
		};
		22D450B12074A2850052520D /* net */ = {
			isa = PBXGroup;
			children = (
				22D450B22074A2850052520D /* CAISDSNet.m */,
				22D450B32074A2850052520D /* CAISDSNet.h */,
			);
			path = net;
			sourceTree = "<group>";
		};
		22D450B62074A2850052520D /* local */ = {
			isa = PBXGroup;
			children = (
				22D450B72074A2850052520D /* CAISDSLocalStore.m */,
				22D450B82074A2850052520D /* CAISDSLocalStore.h */,
			);
			path = local;
			sourceTree = "<group>";
		};
		22D450BB2074A2850052520D /* model */ = {
			isa = PBXGroup;
			children = (
				2225D991207C48F60001B83C /* CAISDSErrorLog.h */,
				2225D992207C48F60001B83C /* CAISDSErrorLog.m */,
				2225D98E207C48F60001B83C /* CAISDSExceptionLog.h */,
				2225D98F207C48F60001B83C /* CAISDSExceptionLog.m */,
				2225D98D207C48F50001B83C /* CAISDSPlanLog.h */,
				2225D990207C48F60001B83C /* CAISDSPlanLog.m */,
				22D450BC2074A2850052520D /* CAISDSReport.h */,
				22D450BD2074A2850052520D /* CAISDSKeyPoint.h */,
				22D450BE2074A2850052520D /* CAISDSRecord.m */,
				22D450BF2074A2850052520D /* CAISDSPlan.h */,
				22D450C02074A2850052520D /* CAISDSLog.h */,
				22D450C12074A2850052520D /* CAISDSReport.m */,
				22D450C22074A2850052520D /* CAISDSType.h */,
				22D450C32074A2850052520D /* CAISDSKeyPoint.m */,
				22D450C42074A2850052520D /* CAISDSLog.m */,
				22D450C52074A2850052520D /* CAISDSPlan.m */,
				22D450C62074A2850052520D /* CAISDSRecord.h */,
			);
			path = model;
			sourceTree = "<group>";
		};
		22D450C72074A2850052520D /* stattistic */ = {
			isa = PBXGroup;
			children = (
				22D450C82074A2850052520D /* CAISDSStatistic.m */,
				22D450C92074A2850052520D /* CAISDSStatisticDelegate.h */,
				22D450CA2074A2850052520D /* CAISDSStatistic.h */,
			);
			path = stattistic;
			sourceTree = "<group>";
		};
		22D450CB2074A2850052520D /* thirdPart */ = {
			isa = PBXGroup;
			children = (
				22D450CC2074A2850052520D /* openUDID */,
				22D450CF2074A2850052520D /* fmdb */,
				22D450DA2074A2850052520D /* aspects */,
			);
			name = thirdPart;
			path = ../../ScriptDrivenStatistics/thirdPart;
			sourceTree = "<group>";
		};
		22D450CC2074A2850052520D /* openUDID */ = {
			isa = PBXGroup;
			children = (
				22D450CD2074A2850052520D /* CAISDSOpenUDID.m */,
				22D450CE2074A2850052520D /* CAISDSOpenUDID.h */,
			);
			path = openUDID;
			sourceTree = "<group>";
		};
		22D450CF2074A2850052520D /* fmdb */ = {
			isa = PBXGroup;
			children = (
				22D450D02074A2850052520D /* fmdb */,
			);
			path = fmdb;
			sourceTree = "<group>";
		};
		22D450D02074A2850052520D /* fmdb */ = {
			isa = PBXGroup;
			children = (
				22D450D12074A2850052520D /* CAISDSFMDatabaseQueue.h */,
				22D450D22074A2850052520D /* CAISDSFMDB.h */,
				22D450D32074A2850052520D /* CAISDSFMResultSet.m */,
				22D450D42074A2850052520D /* CAISDSFMDatabase.m */,
				22D450D52074A2850052520D /* CAISDSFMDatabasePool.m */,
				22D450D62074A2850052520D /* CAISDSFMDatabaseQueue.m */,
				22D450D72074A2850052520D /* CAISDSFMDatabase.h */,
				22D450D82074A2850052520D /* CAISDSFMResultSet.h */,
				22D450D92074A2850052520D /* CAISDSFMDatabasePool.h */,
			);
			path = fmdb;
			sourceTree = "<group>";
		};
		22D450DA2074A2850052520D /* aspects */ = {
			isa = PBXGroup;
			children = (
				22D450DB2074A2850052520D /* CAISDSAspects.m */,
				22D450DC2074A2850052520D /* CAISDSAspects.h */,
			);
			path = aspects;
			sourceTree = "<group>";
		};
		337493A4206C781000DED4F2 = {
			isa = PBXGroup;
			children = (
				337493AF206C781000DED4F2 /* ScriptDrivenStatisticsLib */,
				337493AE206C781000DED4F2 /* Products */,
			);
			sourceTree = "<group>";
		};
		337493AE206C781000DED4F2 /* Products */ = {
			isa = PBXGroup;
			children = (
				337493AD206C781000DED4F2 /* libSDSLib.a */,
			);
			name = Products;
			sourceTree = "<group>";
		};
		337493AF206C781000DED4F2 /* ScriptDrivenStatisticsLib */ = {
			isa = PBXGroup;
			children = (
				22D450B02074A2850052520D /* class */,
				22D450CB2074A2850052520D /* thirdPart */,
			);
			path = ScriptDrivenStatisticsLib;
			sourceTree = "<group>";
		};
/* End PBXGroup section */

/* Begin PBXNativeTarget section */
		337493AC206C781000DED4F2 /* SDSLib */ = {
			isa = PBXNativeTarget;
			buildConfigurationList = 337493B6206C781000DED4F2 /* Build configuration list for PBXNativeTarget "SDSLib" */;
			buildPhases = (
				337493A9206C781000DED4F2 /* Sources */,
				337493AA206C781000DED4F2 /* Frameworks */,
				337493AB206C781000DED4F2 /* CopyFiles */,
			);
			buildRules = (
			);
			dependencies = (
			);
			name = SDSLib;
			productName = ScriptDrivenStatisticsLib;
			productReference = 337493AD206C781000DED4F2 /* libSDSLib.a */;
			productType = "com.apple.product-type.library.static";
		};
/* End PBXNativeTarget section */

/* Begin PBXProject section */
		337493A5206C781000DED4F2 /* Project object */ = {
			isa = PBXProject;
			attributes = {
				LastUpgradeCheck = 0930;
				ORGANIZATIONNAME = caicai;
				TargetAttributes = {
					337493AC206C781000DED4F2 = {
						CreatedOnToolsVersion = 9.2;
						ProvisioningStyle = Automatic;
					};
				};
			};
			buildConfigurationList = 337493A8206C781000DED4F2 /* Build configuration list for PBXProject "ScriptDrivenStatisticsLib" */;
			compatibilityVersion = "Xcode 8.0";
			developmentRegion = en;
			hasScannedForEncodings = 0;
			knownRegions = (
				en,
			);
			mainGroup = 337493A4206C781000DED4F2;
			productRefGroup = 337493AE206C781000DED4F2 /* Products */;
			projectDirPath = "";
			projectRoot = "";
			targets = (
				337493AC206C781000DED4F2 /* SDSLib */,
			);
		};
/* End PBXProject section */

/* Begin PBXSourcesBuildPhase section */
		337493A9206C781000DED4F2 /* Sources */ = {
			isa = PBXSourcesBuildPhase;
			buildActionMask = 2147483647;
			files = (
				22D450E12074A2850052520D /* CAISDSRecord.m in Sources */,
				2225D995207C48F60001B83C /* CAISDSErrorLog.m in Sources */,
				2225D993207C48F60001B83C /* CAISDSExceptionLog.m in Sources */,
				22D450E02074A2850052520D /* CAISDSLocalStore.m in Sources */,
				22D450DE2074A2850052520D /* CAISDSUtils.m in Sources */,
				22D450DD2074A2850052520D /* CAISDSNet.m in Sources */,
				22D450EC2074A2850052520D /* CAISDSAspects.m in Sources */,
				22D450E32074A2850052520D /* CAISDSKeyPoint.m in Sources */,
				22D450E22074A2850052520D /* CAISDSReport.m in Sources */,
				22D450DF2074A2850052520D /* CAISDS.m in Sources */,
				22D450E82074A2850052520D /* CAISDSFMResultSet.m in Sources */,
				22D450EB2074A2850052520D /* CAISDSFMDatabaseQueue.m in Sources */,
				22D450EA2074A2850052520D /* CAISDSFMDatabasePool.m in Sources */,
				2225D994207C48F60001B83C /* CAISDSPlanLog.m in Sources */,
				22D450E62074A2850052520D /* CAISDSStatistic.m in Sources */,
				22D450E72074A2850052520D /* CAISDSOpenUDID.m in Sources */,
				22D450E92074A2850052520D /* CAISDSFMDatabase.m in Sources */,
				22D450E52074A2850052520D /* CAISDSPlan.m in Sources */,
				22D450E42074A2850052520D /* CAISDSLog.m in Sources */,
			);
			runOnlyForDeploymentPostprocessing = 0;
		};
/* End PBXSourcesBuildPhase section */

/* Begin XCBuildConfiguration section */
		337493B4206C781000DED4F2 /* Debug */ = {
			isa = XCBuildConfiguration;
			buildSettings = {
				ALWAYS_SEARCH_USER_PATHS = NO;
				CLANG_ANALYZER_NONNULL = YES;
				CLANG_ANALYZER_NUMBER_OBJECT_CONVERSION = YES_AGGRESSIVE;
				CLANG_CXX_LANGUAGE_STANDARD = "gnu++14";
				CLANG_CXX_LIBRARY = "libc++";
				CLANG_ENABLE_MODULES = YES;
				CLANG_ENABLE_OBJC_ARC = YES;
				CLANG_WARN_BLOCK_CAPTURE_AUTORELEASING = YES;
				CLANG_WARN_BOOL_CONVERSION = YES;
				CLANG_WARN_COMMA = YES;
				CLANG_WARN_CONSTANT_CONVERSION = YES;
				CLANG_WARN_DEPRECATED_OBJC_IMPLEMENTATIONS = YES;
				CLANG_WARN_DIRECT_OBJC_ISA_USAGE = YES_ERROR;
				CLANG_WARN_DOCUMENTATION_COMMENTS = YES;
				CLANG_WARN_EMPTY_BODY = YES;
				CLANG_WARN_ENUM_CONVERSION = YES;
				CLANG_WARN_INFINITE_RECURSION = YES;
				CLANG_WARN_INT_CONVERSION = YES;
				CLANG_WARN_NON_LITERAL_NULL_CONVERSION = YES;
				CLANG_WARN_OBJC_IMPLICIT_RETAIN_SELF = YES;
				CLANG_WARN_OBJC_LITERAL_CONVERSION = YES;
				CLANG_WARN_OBJC_ROOT_CLASS = YES_ERROR;
				CLANG_WARN_RANGE_LOOP_ANALYSIS = YES;
				CLANG_WARN_STRICT_PROTOTYPES = YES;
				CLANG_WARN_SUSPICIOUS_MOVE = YES;
				CLANG_WARN_UNGUARDED_AVAILABILITY = YES_AGGRESSIVE;
				CLANG_WARN_UNREACHABLE_CODE = YES;
				CLANG_WARN__DUPLICATE_METHOD_MATCH = YES;
				CODE_SIGN_IDENTITY = "iPhone Developer";
				COPY_PHASE_STRIP = NO;
				DEBUG_INFORMATION_FORMAT = dwarf;
				ENABLE_STRICT_OBJC_MSGSEND = YES;
				ENABLE_TESTABILITY = YES;
				GCC_C_LANGUAGE_STANDARD = gnu11;
				GCC_DYNAMIC_NO_PIC = NO;
				GCC_NO_COMMON_BLOCKS = YES;
				GCC_OPTIMIZATION_LEVEL = 0;
				GCC_PREPROCESSOR_DEFINITIONS = (
					"DEBUG=1",
					"$(inherited)",
				);
				GCC_WARN_64_TO_32_BIT_CONVERSION = YES;
				GCC_WARN_ABOUT_RETURN_TYPE = YES_ERROR;
				GCC_WARN_UNDECLARED_SELECTOR = YES;
				GCC_WARN_UNINITIALIZED_AUTOS = YES_AGGRESSIVE;
				GCC_WARN_UNUSED_FUNCTION = YES;
				GCC_WARN_UNUSED_VARIABLE = YES;
				IPHONEOS_DEPLOYMENT_TARGET = 8.0;
				MTL_ENABLE_DEBUG_INFO = YES;
				ONLY_ACTIVE_ARCH = YES;
				SDKROOT = iphoneos;
			};
			name = Debug;
		};
		337493B5206C781000DED4F2 /* Release */ = {
			isa = XCBuildConfiguration;
			buildSettings = {
				ALWAYS_SEARCH_USER_PATHS = NO;
				CLANG_ANALYZER_NONNULL = YES;
				CLANG_ANALYZER_NUMBER_OBJECT_CONVERSION = YES_AGGRESSIVE;
				CLANG_CXX_LANGUAGE_STANDARD = "gnu++14";
				CLANG_CXX_LIBRARY = "libc++";
				CLANG_ENABLE_MODULES = YES;
				CLANG_ENABLE_OBJC_ARC = YES;
				CLANG_WARN_BLOCK_CAPTURE_AUTORELEASING = YES;
				CLANG_WARN_BOOL_CONVERSION = YES;
				CLANG_WARN_COMMA = YES;
				CLANG_WARN_CONSTANT_CONVERSION = YES;
				CLANG_WARN_DEPRECATED_OBJC_IMPLEMENTATIONS = YES;
				CLANG_WARN_DIRECT_OBJC_ISA_USAGE = YES_ERROR;
				CLANG_WARN_DOCUMENTATION_COMMENTS = YES;
				CLANG_WARN_EMPTY_BODY = YES;
				CLANG_WARN_ENUM_CONVERSION = YES;
				CLANG_WARN_INFINITE_RECURSION = YES;
				CLANG_WARN_INT_CONVERSION = YES;
				CLANG_WARN_NON_LITERAL_NULL_CONVERSION = YES;
				CLANG_WARN_OBJC_IMPLICIT_RETAIN_SELF = YES;
				CLANG_WARN_OBJC_LITERAL_CONVERSION = YES;
				CLANG_WARN_OBJC_ROOT_CLASS = YES_ERROR;
				CLANG_WARN_RANGE_LOOP_ANALYSIS = YES;
				CLANG_WARN_STRICT_PROTOTYPES = YES;
				CLANG_WARN_SUSPICIOUS_MOVE = YES;
				CLANG_WARN_UNGUARDED_AVAILABILITY = YES_AGGRESSIVE;
				CLANG_WARN_UNREACHABLE_CODE = YES;
				CLANG_WARN__DUPLICATE_METHOD_MATCH = YES;
				CODE_SIGN_IDENTITY = "iPhone Developer";
				COPY_PHASE_STRIP = NO;
				DEBUG_INFORMATION_FORMAT = "dwarf-with-dsym";
				ENABLE_NS_ASSERTIONS = NO;
				ENABLE_STRICT_OBJC_MSGSEND = YES;
				GCC_C_LANGUAGE_STANDARD = gnu11;
				GCC_NO_COMMON_BLOCKS = YES;
				GCC_WARN_64_TO_32_BIT_CONVERSION = YES;
				GCC_WARN_ABOUT_RETURN_TYPE = YES_ERROR;
				GCC_WARN_UNDECLARED_SELECTOR = YES;
				GCC_WARN_UNINITIALIZED_AUTOS = YES_AGGRESSIVE;
				GCC_WARN_UNUSED_FUNCTION = YES;
				GCC_WARN_UNUSED_VARIABLE = YES;
				IPHONEOS_DEPLOYMENT_TARGET = 8.0;
				MTL_ENABLE_DEBUG_INFO = NO;
				SDKROOT = iphoneos;
				VALIDATE_PRODUCT = YES;
			};
			name = Release;
		};
		337493B7206C781000DED4F2 /* Debug */ = {
			isa = XCBuildConfiguration;
			buildSettings = {
				CODE_SIGN_STYLE = Automatic;
				DEVELOPMENT_TEAM = 3F685LX6UR;
				OTHER_LDFLAGS = "-ObjC";
				PRODUCT_NAME = "$(TARGET_NAME)";
				SKIP_INSTALL = YES;
				TARGETED_DEVICE_FAMILY = "1,2";
			};
			name = Debug;
		};
		337493B8206C781000DED4F2 /* Release */ = {
			isa = XCBuildConfiguration;
			buildSettings = {
				CODE_SIGN_STYLE = Automatic;
				DEVELOPMENT_TEAM = 3F685LX6UR;
				MTL_ENABLE_DEBUG_INFO = YES;
				OTHER_LDFLAGS = "-ObjC";
				PRODUCT_NAME = "$(TARGET_NAME)";
				SKIP_INSTALL = YES;
				TARGETED_DEVICE_FAMILY = "1,2";
			};
			name = Release;
		};
/* End XCBuildConfiguration section */

/* Begin XCConfigurationList section */
		337493A8206C781000DED4F2 /* Build configuration list for PBXProject "ScriptDrivenStatisticsLib" */ = {
			isa = XCConfigurationList;
			buildConfigurations = (
				337493B4206C781000DED4F2 /* Debug */,
				337493B5206C781000DED4F2 /* Release */,
			);
			defaultConfigurationIsVisible = 0;
			defaultConfigurationName = Release;
		};
		337493B6206C781000DED4F2 /* Build configuration list for PBXNativeTarget "SDSLib" */ = {
			isa = XCConfigurationList;
			buildConfigurations = (
				337493B7206C781000DED4F2 /* Debug */,
				337493B8206C781000DED4F2 /* Release */,
			);
			defaultConfigurationIsVisible = 0;
			defaultConfigurationName = Release;
		};
/* End XCConfigurationList section */
	};
	rootObject = 337493A5206C781000DED4F2 /* Project object */;
}
