// !$*UTF8*$!
{
	archiveVersion = 1;
	classes = {
	};
	objectVersion = 48;
	objects = {

/* Begin PBXBuildFile section */
		3312DC05206CD4150089E8C4 /* CAISDSAspects.m in Sources */ = {isa = PBXBuildFile; fileRef = 3312DBDB206CD4150089E8C4 /* CAISDSAspects.m */; };
		3312DC06206CD4150089E8C4 /* CAISDSFMDatabase.m in Sources */ = {isa = PBXBuildFile; fileRef = 3312DBDF206CD4150089E8C4 /* CAISDSFMDatabase.m */; };
		3312DC07206CD4150089E8C4 /* CAISDSFMDatabasePool.m in Sources */ = {isa = PBXBuildFile; fileRef = 3312DBE1206CD4150089E8C4 /* CAISDSFMDatabasePool.m */; };
		3312DC08206CD4150089E8C4 /* CAISDSFMDatabaseQueue.m in Sources */ = {isa = PBXBuildFile; fileRef = 3312DBE3206CD4150089E8C4 /* CAISDSFMDatabaseQueue.m */; };
		3312DC09206CD4150089E8C4 /* CAISDSFMResultSet.m in Sources */ = {isa = PBXBuildFile; fileRef = 3312DBE6206CD4150089E8C4 /* CAISDSFMResultSet.m */; };
		3312DC0A206CD4150089E8C4 /* CAISDSOpenUDID.m in Sources */ = {isa = PBXBuildFile; fileRef = 3312DBE9206CD4150089E8C4 /* CAISDSOpenUDID.m */; };
		3312DC0B206CD4150089E8C4 /* CAISDS.m in Sources */ = {isa = PBXBuildFile; fileRef = 3312DBEC206CD4150089E8C4 /* CAISDS.m */; };
		3312DC0C206CD4150089E8C4 /* CAISDSUtils.m in Sources */ = {isa = PBXBuildFile; fileRef = 3312DBEE206CD4150089E8C4 /* CAISDSUtils.m */; };
		3312DC0D206CD4150089E8C4 /* CAISDSLocalStore.m in Sources */ = {isa = PBXBuildFile; fileRef = 3312DBF1206CD4150089E8C4 /* CAISDSLocalStore.m */; };
		3312DC0E206CD4150089E8C4 /* CAISDSKeyPoint.m in Sources */ = {isa = PBXBuildFile; fileRef = 3312DBF4206CD4150089E8C4 /* CAISDSKeyPoint.m */; };
		3312DC0F206CD4150089E8C4 /* CAISDSLog.m in Sources */ = {isa = PBXBuildFile; fileRef = 3312DBF6206CD4150089E8C4 /* CAISDSLog.m */; };
		3312DC10206CD4150089E8C4 /* CAISDSPlan.m in Sources */ = {isa = PBXBuildFile; fileRef = 3312DBF8206CD4150089E8C4 /* CAISDSPlan.m */; };
		3312DC11206CD4150089E8C4 /* CAISDSRecord.m in Sources */ = {isa = PBXBuildFile; fileRef = 3312DBFA206CD4150089E8C4 /* CAISDSRecord.m */; };
		3312DC12206CD4150089E8C4 /* CAISDSReport.m in Sources */ = {isa = PBXBuildFile; fileRef = 3312DBFC206CD4150089E8C4 /* CAISDSReport.m */; };
		3312DC13206CD4150089E8C4 /* CAISDSNet.m in Sources */ = {isa = PBXBuildFile; fileRef = 3312DC00206CD4150089E8C4 /* CAISDSNet.m */; };
		3312DC14206CD4150089E8C4 /* CAISDSStatistic.m in Sources */ = {isa = PBXBuildFile; fileRef = 3312DC03206CD4150089E8C4 /* CAISDSStatistic.m */; };
/* End PBXBuildFile section */

/* Begin PBXCopyFilesBuildPhase section */
		337493AB206C781000DED4F2 /* CopyFiles */ = {
			isa = PBXCopyFilesBuildPhase;
			buildActionMask = 2147483647;
			dstPath = "include/$(PRODUCT_NAME)";
			dstSubfolderSpec = 16;
			files = (
			);
			runOnlyForDeploymentPostprocessing = 0;
		};
/* End PBXCopyFilesBuildPhase section */

/* Begin PBXFileReference section */
		3312DBDA206CD4150089E8C4 /* CAISDSAspects.h */ = {isa = PBXFileReference; fileEncoding = 4; lastKnownFileType = sourcecode.c.h; path = CAISDSAspects.h; sourceTree = "<group>"; };
		3312DBDB206CD4150089E8C4 /* CAISDSAspects.m */ = {isa = PBXFileReference; fileEncoding = 4; lastKnownFileType = sourcecode.c.objc; path = CAISDSAspects.m; sourceTree = "<group>"; };
		3312DBDE206CD4150089E8C4 /* CAISDSFMDatabase.h */ = {isa = PBXFileReference; fileEncoding = 4; lastKnownFileType = sourcecode.c.h; path = CAISDSFMDatabase.h; sourceTree = "<group>"; };
		3312DBDF206CD4150089E8C4 /* CAISDSFMDatabase.m */ = {isa = PBXFileReference; fileEncoding = 4; lastKnownFileType = sourcecode.c.objc; path = CAISDSFMDatabase.m; sourceTree = "<group>"; };
		3312DBE0206CD4150089E8C4 /* CAISDSFMDatabasePool.h */ = {isa = PBXFileReference; fileEncoding = 4; lastKnownFileType = sourcecode.c.h; path = CAISDSFMDatabasePool.h; sourceTree = "<group>"; };
		3312DBE1206CD4150089E8C4 /* CAISDSFMDatabasePool.m */ = {isa = PBXFileReference; fileEncoding = 4; lastKnownFileType = sourcecode.c.objc; path = CAISDSFMDatabasePool.m; sourceTree = "<group>"; };
		3312DBE2206CD4150089E8C4 /* CAISDSFMDatabaseQueue.h */ = {isa = PBXFileReference; fileEncoding = 4; lastKnownFileType = sourcecode.c.h; path = CAISDSFMDatabaseQueue.h; sourceTree = "<group>"; };
		3312DBE3206CD4150089E8C4 /* CAISDSFMDatabaseQueue.m */ = {isa = PBXFileReference; fileEncoding = 4; lastKnownFileType = sourcecode.c.objc; path = CAISDSFMDatabaseQueue.m; sourceTree = "<group>"; };
		3312DBE4206CD4150089E8C4 /* CAISDSFMDB.h */ = {isa = PBXFileReference; fileEncoding = 4; lastKnownFileType = sourcecode.c.h; path = CAISDSFMDB.h; sourceTree = "<group>"; };
		3312DBE5206CD4150089E8C4 /* CAISDSFMResultSet.h */ = {isa = PBXFileReference; fileEncoding = 4; lastKnownFileType = sourcecode.c.h; path = CAISDSFMResultSet.h; sourceTree = "<group>"; };
		3312DBE6206CD4150089E8C4 /* CAISDSFMResultSet.m */ = {isa = PBXFileReference; fileEncoding = 4; lastKnownFileType = sourcecode.c.objc; path = CAISDSFMResultSet.m; sourceTree = "<group>"; };
		3312DBE8206CD4150089E8C4 /* CAISDSOpenUDID.h */ = {isa = PBXFileReference; fileEncoding = 4; lastKnownFileType = sourcecode.c.h; path = CAISDSOpenUDID.h; sourceTree = "<group>"; };
		3312DBE9206CD4150089E8C4 /* CAISDSOpenUDID.m */ = {isa = PBXFileReference; fileEncoding = 4; lastKnownFileType = sourcecode.c.objc; path = CAISDSOpenUDID.m; sourceTree = "<group>"; };
		3312DBEB206CD4150089E8C4 /* CAISDS.h */ = {isa = PBXFileReference; fileEncoding = 4; lastKnownFileType = sourcecode.c.h; path = CAISDS.h; sourceTree = "<group>"; };
		3312DBEC206CD4150089E8C4 /* CAISDS.m */ = {isa = PBXFileReference; fileEncoding = 4; lastKnownFileType = sourcecode.c.objc; path = CAISDS.m; sourceTree = "<group>"; };
		3312DBED206CD4150089E8C4 /* CAISDSUtils.h */ = {isa = PBXFileReference; fileEncoding = 4; lastKnownFileType = sourcecode.c.h; path = CAISDSUtils.h; sourceTree = "<group>"; };
		3312DBEE206CD4150089E8C4 /* CAISDSUtils.m */ = {isa = PBXFileReference; fileEncoding = 4; lastKnownFileType = sourcecode.c.objc; path = CAISDSUtils.m; sourceTree = "<group>"; };
		3312DBF0206CD4150089E8C4 /* CAISDSLocalStore.h */ = {isa = PBXFileReference; fileEncoding = 4; lastKnownFileType = sourcecode.c.h; path = CAISDSLocalStore.h; sourceTree = "<group>"; };
		3312DBF1206CD4150089E8C4 /* CAISDSLocalStore.m */ = {isa = PBXFileReference; fileEncoding = 4; lastKnownFileType = sourcecode.c.objc; path = CAISDSLocalStore.m; sourceTree = "<group>"; };
		3312DBF3206CD4150089E8C4 /* CAISDSKeyPoint.h */ = {isa = PBXFileReference; fileEncoding = 4; lastKnownFileType = sourcecode.c.h; path = CAISDSKeyPoint.h; sourceTree = "<group>"; };
		3312DBF4206CD4150089E8C4 /* CAISDSKeyPoint.m */ = {isa = PBXFileReference; fileEncoding = 4; lastKnownFileType = sourcecode.c.objc; path = CAISDSKeyPoint.m; sourceTree = "<group>"; };
		3312DBF5206CD4150089E8C4 /* CAISDSLog.h */ = {isa = PBXFileReference; fileEncoding = 4; lastKnownFileType = sourcecode.c.h; path = CAISDSLog.h; sourceTree = "<group>"; };
		3312DBF6206CD4150089E8C4 /* CAISDSLog.m */ = {isa = PBXFileReference; fileEncoding = 4; lastKnownFileType = sourcecode.c.objc; path = CAISDSLog.m; sourceTree = "<group>"; };
		3312DBF7206CD4150089E8C4 /* CAISDSPlan.h */ = {isa = PBXFileReference; fileEncoding = 4; lastKnownFileType = sourcecode.c.h; path = CAISDSPlan.h; sourceTree = "<group>"; };
		3312DBF8206CD4150089E8C4 /* CAISDSPlan.m */ = {isa = PBXFileReference; fileEncoding = 4; lastKnownFileType = sourcecode.c.objc; path = CAISDSPlan.m; sourceTree = "<group>"; };
		3312DBF9206CD4150089E8C4 /* CAISDSRecord.h */ = {isa = PBXFileReference; fileEncoding = 4; lastKnownFileType = sourcecode.c.h; path = CAISDSRecord.h; sourceTree = "<group>"; };
		3312DBFA206CD4150089E8C4 /* CAISDSRecord.m */ = {isa = PBXFileReference; fileEncoding = 4; lastKnownFileType = sourcecode.c.objc; path = CAISDSRecord.m; sourceTree = "<group>"; };
		3312DBFB206CD4150089E8C4 /* CAISDSReport.h */ = {isa = PBXFileReference; fileEncoding = 4; lastKnownFileType = sourcecode.c.h; path = CAISDSReport.h; sourceTree = "<group>"; };
		3312DBFC206CD4150089E8C4 /* CAISDSReport.m */ = {isa = PBXFileReference; fileEncoding = 4; lastKnownFileType = sourcecode.c.objc; path = CAISDSReport.m; sourceTree = "<group>"; };
		3312DBFD206CD4150089E8C4 /* CAISDSType.h */ = {isa = PBXFileReference; fileEncoding = 4; lastKnownFileType = sourcecode.c.h; path = CAISDSType.h; sourceTree = "<group>"; };
		3312DBFF206CD4150089E8C4 /* CAISDSNet.h */ = {isa = PBXFileReference; fileEncoding = 4; lastKnownFileType = sourcecode.c.h; path = CAISDSNet.h; sourceTree = "<group>"; };
		3312DC00206CD4150089E8C4 /* CAISDSNet.m */ = {isa = PBXFileReference; fileEncoding = 4; lastKnownFileType = sourcecode.c.objc; path = CAISDSNet.m; sourceTree = "<group>"; };
		3312DC02206CD4150089E8C4 /* CAISDSStatistic.h */ = {isa = PBXFileReference; fileEncoding = 4; lastKnownFileType = sourcecode.c.h; path = CAISDSStatistic.h; sourceTree = "<group>"; };
		3312DC03206CD4150089E8C4 /* CAISDSStatistic.m */ = {isa = PBXFileReference; fileEncoding = 4; lastKnownFileType = sourcecode.c.objc; path = CAISDSStatistic.m; sourceTree = "<group>"; };
		3312DC04206CD4150089E8C4 /* CAISDSStatisticDelegate.h */ = {isa = PBXFileReference; fileEncoding = 4; lastKnownFileType = sourcecode.c.h; path = CAISDSStatisticDelegate.h; sourceTree = "<group>"; };
		337493AD206C781000DED4F2 /* libScriptDrivenStatisticsLib.a */ = {isa = PBXFileReference; explicitFileType = archive.ar; includeInIndex = 0; path = libScriptDrivenStatisticsLib.a; sourceTree = BUILT_PRODUCTS_DIR; };
/* End PBXFileReference section */

/* Begin PBXFrameworksBuildPhase section */
		337493AA206C781000DED4F2 /* Frameworks */ = {
			isa = PBXFrameworksBuildPhase;
			buildActionMask = 2147483647;
			files = (
			);
			runOnlyForDeploymentPostprocessing = 0;
		};
/* End PBXFrameworksBuildPhase section */

/* Begin PBXGroup section */
		3312DBD8206CD4150089E8C4 /* thirdPart */ = {
			isa = PBXGroup;
			children = (
				3312DBD9206CD4150089E8C4 /* aspects */,
				3312DBDC206CD4150089E8C4 /* fmdb */,
				3312DBE7206CD4150089E8C4 /* openUDID */,
			);
			path = thirdPart;
			sourceTree = "<group>";
		};
		3312DBD9206CD4150089E8C4 /* aspects */ = {
			isa = PBXGroup;
			children = (
				3312DBDA206CD4150089E8C4 /* CAISDSAspects.h */,
				3312DBDB206CD4150089E8C4 /* CAISDSAspects.m */,
			);
			path = aspects;
			sourceTree = "<group>";
		};
		3312DBDC206CD4150089E8C4 /* fmdb */ = {
			isa = PBXGroup;
			children = (
				3312DBDD206CD4150089E8C4 /* fmdb */,
			);
			path = fmdb;
			sourceTree = "<group>";
		};
		3312DBDD206CD4150089E8C4 /* fmdb */ = {
			isa = PBXGroup;
			children = (
				3312DBDE206CD4150089E8C4 /* CAISDSFMDatabase.h */,
				3312DBDF206CD4150089E8C4 /* CAISDSFMDatabase.m */,
				3312DBE0206CD4150089E8C4 /* CAISDSFMDatabasePool.h */,
				3312DBE1206CD4150089E8C4 /* CAISDSFMDatabasePool.m */,
				3312DBE2206CD4150089E8C4 /* CAISDSFMDatabaseQueue.h */,
				3312DBE3206CD4150089E8C4 /* CAISDSFMDatabaseQueue.m */,
				3312DBE4206CD4150089E8C4 /* CAISDSFMDB.h */,
				3312DBE5206CD4150089E8C4 /* CAISDSFMResultSet.h */,
				3312DBE6206CD4150089E8C4 /* CAISDSFMResultSet.m */,
			);
			path = fmdb;
			sourceTree = "<group>";
		};
		3312DBE7206CD4150089E8C4 /* openUDID */ = {
			isa = PBXGroup;
			children = (
				3312DBE8206CD4150089E8C4 /* CAISDSOpenUDID.h */,
				3312DBE9206CD4150089E8C4 /* CAISDSOpenUDID.m */,
			);
			path = openUDID;
			sourceTree = "<group>";
		};
		3312DBEA206CD4150089E8C4 /* class */ = {
			isa = PBXGroup;
			children = (
				3312DBEB206CD4150089E8C4 /* CAISDS.h */,
				3312DBEC206CD4150089E8C4 /* CAISDS.m */,
				3312DBED206CD4150089E8C4 /* CAISDSUtils.h */,
				3312DBEE206CD4150089E8C4 /* CAISDSUtils.m */,
				3312DBEF206CD4150089E8C4 /* local */,
				3312DBF2206CD4150089E8C4 /* model */,
				3312DBFE206CD4150089E8C4 /* net */,
				3312DC01206CD4150089E8C4 /* stattistic */,
			);
			path = class;
			sourceTree = "<group>";
		};
		3312DBEF206CD4150089E8C4 /* local */ = {
			isa = PBXGroup;
			children = (
				3312DBF0206CD4150089E8C4 /* CAISDSLocalStore.h */,
				3312DBF1206CD4150089E8C4 /* CAISDSLocalStore.m */,
			);
			path = local;
			sourceTree = "<group>";
		};
		3312DBF2206CD4150089E8C4 /* model */ = {
			isa = PBXGroup;
			children = (
				3312DBF3206CD4150089E8C4 /* CAISDSKeyPoint.h */,
				3312DBF4206CD4150089E8C4 /* CAISDSKeyPoint.m */,
				3312DBF5206CD4150089E8C4 /* CAISDSLog.h */,
				3312DBF6206CD4150089E8C4 /* CAISDSLog.m */,
				3312DBF7206CD4150089E8C4 /* CAISDSPlan.h */,
				3312DBF8206CD4150089E8C4 /* CAISDSPlan.m */,
				3312DBF9206CD4150089E8C4 /* CAISDSRecord.h */,
				3312DBFA206CD4150089E8C4 /* CAISDSRecord.m */,
				3312DBFB206CD4150089E8C4 /* CAISDSReport.h */,
				3312DBFC206CD4150089E8C4 /* CAISDSReport.m */,
				3312DBFD206CD4150089E8C4 /* CAISDSType.h */,
			);
			path = model;
			sourceTree = "<group>";
		};
		3312DBFE206CD4150089E8C4 /* net */ = {
			isa = PBXGroup;
			children = (
				3312DBFF206CD4150089E8C4 /* CAISDSNet.h */,
				3312DC00206CD4150089E8C4 /* CAISDSNet.m */,
			);
			path = net;
			sourceTree = "<group>";
		};
		3312DC01206CD4150089E8C4 /* stattistic */ = {
			isa = PBXGroup;
			children = (
				3312DC02206CD4150089E8C4 /* CAISDSStatistic.h */,
				3312DC03206CD4150089E8C4 /* CAISDSStatistic.m */,
				3312DC04206CD4150089E8C4 /* CAISDSStatisticDelegate.h */,
			);
			path = stattistic;
			sourceTree = "<group>";
		};
		337493A4206C781000DED4F2 = {
			isa = PBXGroup;
			children = (
				337493AF206C781000DED4F2 /* ScriptDrivenStatisticsLib */,
				337493AE206C781000DED4F2 /* Products */,
			);
			sourceTree = "<group>";
		};
		337493AE206C781000DED4F2 /* Products */ = {
			isa = PBXGroup;
			children = (
				337493AD206C781000DED4F2 /* libScriptDrivenStatisticsLib.a */,
			);
			name = Products;
			sourceTree = "<group>";
		};
		337493AF206C781000DED4F2 /* ScriptDrivenStatisticsLib */ = {
			isa = PBXGroup;
			children = (
				3312DBEA206CD4150089E8C4 /* class */,
				3312DBD8206CD4150089E8C4 /* thirdPart */,
			);
			path = ScriptDrivenStatisticsLib;
			sourceTree = "<group>";
		};
/* End PBXGroup section */

/* Begin PBXNativeTarget section */
		337493AC206C781000DED4F2 /* ScriptDrivenStatisticsLib */ = {
			isa = PBXNativeTarget;
			buildConfigurationList = 337493B6206C781000DED4F2 /* Build configuration list for PBXNativeTarget "ScriptDrivenStatisticsLib" */;
			buildPhases = (
				337493A9206C781000DED4F2 /* Sources */,
				337493AA206C781000DED4F2 /* Frameworks */,
				337493AB206C781000DED4F2 /* CopyFiles */,
			);
			buildRules = (
			);
			dependencies = (
			);
			name = ScriptDrivenStatisticsLib;
			productName = ScriptDrivenStatisticsLib;
			productReference = 337493AD206C781000DED4F2 /* libScriptDrivenStatisticsLib.a */;
			productType = "com.apple.product-type.library.static";
		};
/* End PBXNativeTarget section */

/* Begin PBXProject section */
		337493A5206C781000DED4F2 /* Project object */ = {
			isa = PBXProject;
			attributes = {
				LastUpgradeCheck = 0920;
				ORGANIZATIONNAME = caicai;
				TargetAttributes = {
					337493AC206C781000DED4F2 = {
						CreatedOnToolsVersion = 9.2;
						ProvisioningStyle = Automatic;
					};
				};
			};
			buildConfigurationList = 337493A8206C781000DED4F2 /* Build configuration list for PBXProject "ScriptDrivenStatisticsLib" */;
			compatibilityVersion = "Xcode 8.0";
			developmentRegion = en;
			hasScannedForEncodings = 0;
			knownRegions = (
				en,
			);
			mainGroup = 337493A4206C781000DED4F2;
			productRefGroup = 337493AE206C781000DED4F2 /* Products */;
			projectDirPath = "";
			projectRoot = "";
			targets = (
				337493AC206C781000DED4F2 /* ScriptDrivenStatisticsLib */,
			);
		};
/* End PBXProject section */

/* Begin PBXSourcesBuildPhase section */
		337493A9206C781000DED4F2 /* Sources */ = {
			isa = PBXSourcesBuildPhase;
			buildActionMask = 2147483647;
			files = (
				3312DC0D206CD4150089E8C4 /* CAISDSLocalStore.m in Sources */,
				3312DC10206CD4150089E8C4 /* CAISDSPlan.m in Sources */,
				3312DC12206CD4150089E8C4 /* CAISDSReport.m in Sources */,
				3312DC0C206CD4150089E8C4 /* CAISDSUtils.m in Sources */,
				3312DC11206CD4150089E8C4 /* CAISDSRecord.m in Sources */,
				3312DC13206CD4150089E8C4 /* CAISDSNet.m in Sources */,
				3312DC06206CD4150089E8C4 /* CAISDSFMDatabase.m in Sources */,
				3312DC0E206CD4150089E8C4 /* CAISDSKeyPoint.m in Sources */,
				3312DC0F206CD4150089E8C4 /* CAISDSLog.m in Sources */,
				3312DC05206CD4150089E8C4 /* CAISDSAspects.m in Sources */,
				3312DC08206CD4150089E8C4 /* CAISDSFMDatabaseQueue.m in Sources */,
				3312DC14206CD4150089E8C4 /* CAISDSStatistic.m in Sources */,
				3312DC09206CD4150089E8C4 /* CAISDSFMResultSet.m in Sources */,
				3312DC0B206CD4150089E8C4 /* CAISDS.m in Sources */,
				3312DC0A206CD4150089E8C4 /* CAISDSOpenUDID.m in Sources */,
				3312DC07206CD4150089E8C4 /* CAISDSFMDatabasePool.m in Sources */,
			);
			runOnlyForDeploymentPostprocessing = 0;
		};
/* End PBXSourcesBuildPhase section */

/* Begin XCBuildConfiguration section */
		337493B4206C781000DED4F2 /* Debug */ = {
			isa = XCBuildConfiguration;
			buildSettings = {
				ALWAYS_SEARCH_USER_PATHS = NO;
				CLANG_ANALYZER_NONNULL = YES;
				CLANG_ANALYZER_NUMBER_OBJECT_CONVERSION = YES_AGGRESSIVE;
				CLANG_CXX_LANGUAGE_STANDARD = "gnu++14";
				CLANG_CXX_LIBRARY = "libc++";
				CLANG_ENABLE_MODULES = YES;
				CLANG_ENABLE_OBJC_ARC = YES;
				CLANG_WARN_BLOCK_CAPTURE_AUTORELEASING = YES;
				CLANG_WARN_BOOL_CONVERSION = YES;
				CLANG_WARN_COMMA = YES;
				CLANG_WARN_CONSTANT_CONVERSION = YES;
				CLANG_WARN_DIRECT_OBJC_ISA_USAGE = YES_ERROR;
				CLANG_WARN_DOCUMENTATION_COMMENTS = YES;
				CLANG_WARN_EMPTY_BODY = YES;
				CLANG_WARN_ENUM_CONVERSION = YES;
				CLANG_WARN_INFINITE_RECURSION = YES;
				CLANG_WARN_INT_CONVERSION = YES;
				CLANG_WARN_NON_LITERAL_NULL_CONVERSION = YES;
				CLANG_WARN_OBJC_LITERAL_CONVERSION = YES;
				CLANG_WARN_OBJC_ROOT_CLASS = YES_ERROR;
				CLANG_WARN_RANGE_LOOP_ANALYSIS = YES;
				CLANG_WARN_STRICT_PROTOTYPES = YES;
				CLANG_WARN_SUSPICIOUS_MOVE = YES;
				CLANG_WARN_UNGUARDED_AVAILABILITY = YES_AGGRESSIVE;
				CLANG_WARN_UNREACHABLE_CODE = YES;
				CLANG_WARN__DUPLICATE_METHOD_MATCH = YES;
				CODE_SIGN_IDENTITY = "iPhone Developer";
				COPY_PHASE_STRIP = NO;
				DEBUG_INFORMATION_FORMAT = dwarf;
				ENABLE_STRICT_OBJC_MSGSEND = YES;
				ENABLE_TESTABILITY = YES;
				GCC_C_LANGUAGE_STANDARD = gnu11;
				GCC_DYNAMIC_NO_PIC = NO;
				GCC_NO_COMMON_BLOCKS = YES;
				GCC_OPTIMIZATION_LEVEL = 0;
				GCC_PREPROCESSOR_DEFINITIONS = (
					"DEBUG=1",
					"$(inherited)",
				);
				GCC_WARN_64_TO_32_BIT_CONVERSION = YES;
				GCC_WARN_ABOUT_RETURN_TYPE = YES_ERROR;
				GCC_WARN_UNDECLARED_SELECTOR = YES;
				GCC_WARN_UNINITIALIZED_AUTOS = YES_AGGRESSIVE;
				GCC_WARN_UNUSED_FUNCTION = YES;
				GCC_WARN_UNUSED_VARIABLE = YES;
				IPHONEOS_DEPLOYMENT_TARGET = 8.0;
				MTL_ENABLE_DEBUG_INFO = YES;
				ONLY_ACTIVE_ARCH = YES;
				SDKROOT = iphoneos;
			};
			name = Debug;
		};
		337493B5206C781000DED4F2 /* Release */ = {
			isa = XCBuildConfiguration;
			buildSettings = {
				ALWAYS_SEARCH_USER_PATHS = NO;
				CLANG_ANALYZER_NONNULL = YES;
				CLANG_ANALYZER_NUMBER_OBJECT_CONVERSION = YES_AGGRESSIVE;
				CLANG_CXX_LANGUAGE_STANDARD = "gnu++14";
				CLANG_CXX_LIBRARY = "libc++";
				CLANG_ENABLE_MODULES = YES;
				CLANG_ENABLE_OBJC_ARC = YES;
				CLANG_WARN_BLOCK_CAPTURE_AUTORELEASING = YES;
				CLANG_WARN_BOOL_CONVERSION = YES;
				CLANG_WARN_COMMA = YES;
				CLANG_WARN_CONSTANT_CONVERSION = YES;
				CLANG_WARN_DIRECT_OBJC_ISA_USAGE = YES_ERROR;
				CLANG_WARN_DOCUMENTATION_COMMENTS = YES;
				CLANG_WARN_EMPTY_BODY = YES;
				CLANG_WARN_ENUM_CONVERSION = YES;
				CLANG_WARN_INFINITE_RECURSION = YES;
				CLANG_WARN_INT_CONVERSION = YES;
				CLANG_WARN_NON_LITERAL_NULL_CONVERSION = YES;
				CLANG_WARN_OBJC_LITERAL_CONVERSION = YES;
				CLANG_WARN_OBJC_ROOT_CLASS = YES_ERROR;
				CLANG_WARN_RANGE_LOOP_ANALYSIS = YES;
				CLANG_WARN_STRICT_PROTOTYPES = YES;
				CLANG_WARN_SUSPICIOUS_MOVE = YES;
				CLANG_WARN_UNGUARDED_AVAILABILITY = YES_AGGRESSIVE;
				CLANG_WARN_UNREACHABLE_CODE = YES;
				CLANG_WARN__DUPLICATE_METHOD_MATCH = YES;
				CODE_SIGN_IDENTITY = "iPhone Developer";
				COPY_PHASE_STRIP = NO;
				DEBUG_INFORMATION_FORMAT = "dwarf-with-dsym";
				ENABLE_NS_ASSERTIONS = NO;
				ENABLE_STRICT_OBJC_MSGSEND = YES;
				GCC_C_LANGUAGE_STANDARD = gnu11;
				GCC_NO_COMMON_BLOCKS = YES;
				GCC_WARN_64_TO_32_BIT_CONVERSION = YES;
				GCC_WARN_ABOUT_RETURN_TYPE = YES_ERROR;
				GCC_WARN_UNDECLARED_SELECTOR = YES;
				GCC_WARN_UNINITIALIZED_AUTOS = YES_AGGRESSIVE;
				GCC_WARN_UNUSED_FUNCTION = YES;
				GCC_WARN_UNUSED_VARIABLE = YES;
				IPHONEOS_DEPLOYMENT_TARGET = 8.0;
				MTL_ENABLE_DEBUG_INFO = NO;
				SDKROOT = iphoneos;
				VALIDATE_PRODUCT = YES;
			};
			name = Release;
		};
		337493B7206C781000DED4F2 /* Debug */ = {
			isa = XCBuildConfiguration;
			buildSettings = {
				CODE_SIGN_STYLE = Automatic;
				DEVELOPMENT_TEAM = 3F685LX6UR;
				OTHER_LDFLAGS = "-ObjC";
				PRODUCT_NAME = "$(TARGET_NAME)";
				SKIP_INSTALL = YES;
				TARGETED_DEVICE_FAMILY = "1,2";
			};
			name = Debug;
		};
		337493B8206C781000DED4F2 /* Release */ = {
			isa = XCBuildConfiguration;
			buildSettings = {
				CODE_SIGN_STYLE = Automatic;
				DEVELOPMENT_TEAM = 3F685LX6UR;
				OTHER_LDFLAGS = "-ObjC";
				PRODUCT_NAME = "$(TARGET_NAME)";
				SKIP_INSTALL = YES;
				TARGETED_DEVICE_FAMILY = "1,2";
			};
			name = Release;
		};
/* End XCBuildConfiguration section */

/* Begin XCConfigurationList section */
		337493A8206C781000DED4F2 /* Build configuration list for PBXProject "ScriptDrivenStatisticsLib" */ = {
			isa = XCConfigurationList;
			buildConfigurations = (
				337493B4206C781000DED4F2 /* Debug */,
				337493B5206C781000DED4F2 /* Release */,
			);
			defaultConfigurationIsVisible = 0;
			defaultConfigurationName = Release;
		};
		337493B6206C781000DED4F2 /* Build configuration list for PBXNativeTarget "ScriptDrivenStatisticsLib" */ = {
			isa = XCConfigurationList;
			buildConfigurations = (
				337493B7206C781000DED4F2 /* Debug */,
				337493B8206C781000DED4F2 /* Release */,
			);
			defaultConfigurationIsVisible = 0;
			defaultConfigurationName = Release;
		};
/* End XCConfigurationList section */
	};
	rootObject = 337493A5206C781000DED4F2 /* Project object */;
}
